
Microsoft Visual Studio Solution File, Format Version 12.00
# Visual Studio Version 17
VisualStudioVersion = 17.10.35027.167
MinimumVisualStudioVersion = 10.0.40219.1
Project("{9A19103F-16F7-4668-BE54-9A1E7A4F7556}") = "PerlinsNoise", "PerlinsNoise.csproj", "{9AF3631E-B031-4B88-B69E-EA31CFCB97C3}"
EndProject
Global
	GlobalSection(SolutionConfigurationPlatforms) = preSolution
		Debug|Any CPU = Debug|Any CPU
		Release|Any CPU = Release|Any CPU
	EndGlobalSection
	GlobalSection(ProjectConfigurationPlatforms) = postSolution
		{9AF3631E-B031-4B88-B69E-EA31CFCB97C3}.Debug|Any CPU.ActiveCfg = Debug|Any CPU
		{9AF3631E-B031-4B88-B69E-EA31CFCB97C3}.Debug|Any CPU.Build.0 = Debug|Any CPU
		{9AF3631E-B031-4B88-B69E-EA31CFCB97C3}.Release|Any CPU.ActiveCfg = Release|Any CPU
		{9AF3631E-B031-4B88-B69E-EA31CFCB97C3}.Release|Any CPU.Build.0 = Release|Any CPU
	EndGlobalSection
	GlobalSection(SolutionProperties) = preSolution
		HideSolutionNode = FALSE
	EndGlobalSection
	GlobalSection(ExtensibilityGlobals) = postSolution
		SolutionGuid = {92C94A0D-6722-419D-A0F6-165989159063}
	EndGlobalSection
EndGlobal
